// !$*UTF8*$!
{
	archiveVersion = 1;
	classes = {
	};
	objectVersion = 56;
	objects = {

/* Begin PBXBuildFile section */
		8E8B127D2C9B5BC3005C7353 /* new_habit.swift in Sources */ = {isa = PBXBuildFile; fileRef = 8E8B127C2C9B5BC3005C7353 /* new_habit.swift */; };
		8EC697CB2C97925000722670 /* habit_trackerApp.swift in Sources */ = {isa = PBXBuildFile; fileRef = 8EC697CA2C97925000722670 /* habit_trackerApp.swift */; };
		8EC697CD2C97925000722670 /* ContentView.swift in Sources */ = {isa = PBXBuildFile; fileRef = 8EC697CC2C97925000722670 /* ContentView.swift */; };
		8EC697D12C97925100722670 /* Assets.xcassets in Resources */ = {isa = PBXBuildFile; fileRef = 8EC697D02C97925100722670 /* Assets.xcassets */; };
		8EC697D42C97925100722670 /* Preview Assets.xcassets in Resources */ = {isa = PBXBuildFile; fileRef = 8EC697D32C97925100722670 /* Preview Assets.xcassets */; };
		8EC697DE2C97925100722670 /* habit_trackerTests.swift in Sources */ = {isa = PBXBuildFile; fileRef = 8EC697DD2C97925100722670 /* habit_trackerTests.swift */; };
		8EC697E82C97925200722670 /* habit_trackerUITests.swift in Sources */ = {isa = PBXBuildFile; fileRef = 8EC697E72C97925200722670 /* habit_trackerUITests.swift */; };
		8EC697EA2C97925200722670 /* habit_trackerUITestsLaunchTests.swift in Sources */ = {isa = PBXBuildFile; fileRef = 8EC697E92C97925200722670 /* habit_trackerUITestsLaunchTests.swift */; };
		8EF2F4E82CBD77B2000FB375 /* habit_store.swift in Sources */ = {isa = PBXBuildFile; fileRef = 8EF2F4E72CBD77B2000FB375 /* habit_store.swift */; };
/* End PBXBuildFile section */

/* Begin PBXContainerItemProxy section */
		8EC697DA2C97925100722670 /* PBXContainerItemProxy */ = {
			isa = PBXContainerItemProxy;
			containerPortal = 8EC697BF2C97925000722670 /* Project object */;
			proxyType = 1;
			remoteGlobalIDString = 8EC697C62C97925000722670;
			remoteInfo = "habit tracker";
		};
		8EC697E42C97925100722670 /* PBXContainerItemProxy */ = {
			isa = PBXContainerItemProxy;
			containerPortal = 8EC697BF2C97925000722670 /* Project object */;
			proxyType = 1;
			remoteGlobalIDString = 8EC697C62C97925000722670;
			remoteInfo = "habit tracker";
		};
/* End PBXContainerItemProxy section */

/* Begin PBXFileReference section */
		8E8B127C2C9B5BC3005C7353 /* new_habit.swift */ = {isa = PBXFileReference; lastKnownFileType = sourcecode.swift; path = new_habit.swift; sourceTree = "<group>"; };
		8EC697C72C97925000722670 /* habit tracker.app */ = {isa = PBXFileReference; explicitFileType = wrapper.application; includeInIndex = 0; path = "habit tracker.app"; sourceTree = BUILT_PRODUCTS_DIR; };
		8EC697CA2C97925000722670 /* habit_trackerApp.swift */ = {isa = PBXFileReference; lastKnownFileType = sourcecode.swift; path = habit_trackerApp.swift; sourceTree = "<group>"; };
		8EC697CC2C97925000722670 /* ContentView.swift */ = {isa = PBXFileReference; lastKnownFileType = sourcecode.swift; path = ContentView.swift; sourceTree = "<group>"; };
		8EC697D02C97925100722670 /* Assets.xcassets */ = {isa = PBXFileReference; lastKnownFileType = folder.assetcatalog; path = Assets.xcassets; sourceTree = "<group>"; };
		8EC697D32C97925100722670 /* Preview Assets.xcassets */ = {isa = PBXFileReference; lastKnownFileType = folder.assetcatalog; path = "Preview Assets.xcassets"; sourceTree = "<group>"; };
		8EC697D92C97925100722670 /* habit trackerTests.xctest */ = {isa = PBXFileReference; explicitFileType = wrapper.cfbundle; includeInIndex = 0; path = "habit trackerTests.xctest"; sourceTree = BUILT_PRODUCTS_DIR; };
		8EC697DD2C97925100722670 /* habit_trackerTests.swift */ = {isa = PBXFileReference; lastKnownFileType = sourcecode.swift; path = habit_trackerTests.swift; sourceTree = "<group>"; };
		8EC697E32C97925100722670 /* habit trackerUITests.xctest */ = {isa = PBXFileReference; explicitFileType = wrapper.cfbundle; includeInIndex = 0; path = "habit trackerUITests.xctest"; sourceTree = BUILT_PRODUCTS_DIR; };
		8EC697E72C97925200722670 /* habit_trackerUITests.swift */ = {isa = PBXFileReference; lastKnownFileType = sourcecode.swift; path = habit_trackerUITests.swift; sourceTree = "<group>"; };
		8EC697E92C97925200722670 /* habit_trackerUITestsLaunchTests.swift */ = {isa = PBXFileReference; lastKnownFileType = sourcecode.swift; path = habit_trackerUITestsLaunchTests.swift; sourceTree = "<group>"; };
		8EF2F4E72CBD77B2000FB375 /* habit_store.swift */ = {isa = PBXFileReference; lastKnownFileType = sourcecode.swift; path = habit_store.swift; sourceTree = "<group>"; };
/* End PBXFileReference section */

/* Begin PBXFrameworksBuildPhase section */
		8EC697C42C97925000722670 /* Frameworks */ = {
			isa = PBXFrameworksBuildPhase;
			buildActionMask = 2147483647;
			files = (
			);
			runOnlyForDeploymentPostprocessing = 0;
		};
		8EC697D62C97925100722670 /* Frameworks */ = {
			isa = PBXFrameworksBuildPhase;
			buildActionMask = 2147483647;
			files = (
			);
			runOnlyForDeploymentPostprocessing = 0;
		};
		8EC697E02C97925100722670 /* Frameworks */ = {
			isa = PBXFrameworksBuildPhase;
			buildActionMask = 2147483647;
			files = (
			);
			runOnlyForDeploymentPostprocessing = 0;
		};
/* End PBXFrameworksBuildPhase section */

/* Begin PBXGroup section */
		8EC697BE2C97925000722670 = {
			isa = PBXGroup;
			children = (
				8EC697C92C97925000722670 /* habit tracker */,
				8EC697DC2C97925100722670 /* habit trackerTests */,
				8EC697E62C97925100722670 /* habit trackerUITests */,
				8EC697C82C97925000722670 /* Products */,
			);
			sourceTree = "<group>";
		};
		8EC697C82C97925000722670 /* Products */ = {
			isa = PBXGroup;
			children = (
				8EC697C72C97925000722670 /* habit tracker.app */,
				8EC697D92C97925100722670 /* habit trackerTests.xctest */,
				8EC697E32C97925100722670 /* habit trackerUITests.xctest */,
			);
			name = Products;
			sourceTree = "<group>";
		};
		8EC697C92C97925000722670 /* habit tracker */ = {
			isa = PBXGroup;
			children = (
				8EC697CA2C97925000722670 /* habit_trackerApp.swift */,
				8EC697CC2C97925000722670 /* ContentView.swift */,
				8EC697D02C97925100722670 /* Assets.xcassets */,
				8EC697D22C97925100722670 /* Preview Content */,
				8E8B127C2C9B5BC3005C7353 /* new_habit.swift */,
				8EF2F4E72CBD77B2000FB375 /* habit_store.swift */,
			);
			path = "habit tracker";
			sourceTree = "<group>";
		};
		8EC697D22C97925100722670 /* Preview Content */ = {
			isa = PBXGroup;
			children = (
				8EC697D32C97925100722670 /* Preview Assets.xcassets */,
			);
			path = "Preview Content";
			sourceTree = "<group>";
		};
		8EC697DC2C97925100722670 /* habit trackerTests */ = {
			isa = PBXGroup;
			children = (
				8EC697DD2C97925100722670 /* habit_trackerTests.swift */,
			);
			path = "habit trackerTests";
			sourceTree = "<group>";
		};
		8EC697E62C97925100722670 /* habit trackerUITests */ = {
			isa = PBXGroup;
			children = (
				8EC697E72C97925200722670 /* habit_trackerUITests.swift */,
				8EC697E92C97925200722670 /* habit_trackerUITestsLaunchTests.swift */,
			);
			path = "habit trackerUITests";
			sourceTree = "<group>";
		};
/* End PBXGroup section */

/* Begin PBXNativeTarget section */
		8EC697C62C97925000722670 /* habit tracker */ = {
			isa = PBXNativeTarget;
			buildConfigurationList = 8EC697ED2C97925200722670 /* Build configuration list for PBXNativeTarget "habit tracker" */;
			buildPhases = (
				8EC697C32C97925000722670 /* Sources */,
				8EC697C42C97925000722670 /* Frameworks */,
				8EC697C52C97925000722670 /* Resources */,
			);
			buildRules = (
			);
			dependencies = (
			);
			name = "habit tracker";
			productName = "habit tracker";
			productReference = 8EC697C72C97925000722670 /* habit tracker.app */;
			productType = "com.apple.product-type.application";
		};
		8EC697D82C97925100722670 /* habit trackerTests */ = {
			isa = PBXNativeTarget;
			buildConfigurationList = 8EC697F02C97925200722670 /* Build configuration list for PBXNativeTarget "habit trackerTests" */;
			buildPhases = (
				8EC697D52C97925100722670 /* Sources */,
				8EC697D62C97925100722670 /* Frameworks */,
				8EC697D72C97925100722670 /* Resources */,
			);
			buildRules = (
			);
			dependencies = (
				8EC697DB2C97925100722670 /* PBXTargetDependency */,
			);
			name = "habit trackerTests";
			productName = "habit trackerTests";
			productReference = 8EC697D92C97925100722670 /* habit trackerTests.xctest */;
			productType = "com.apple.product-type.bundle.unit-test";
		};
		8EC697E22C97925100722670 /* habit trackerUITests */ = {
			isa = PBXNativeTarget;
			buildConfigurationList = 8EC697F32C97925200722670 /* Build configuration list for PBXNativeTarget "habit trackerUITests" */;
			buildPhases = (
				8EC697DF2C97925100722670 /* Sources */,
				8EC697E02C97925100722670 /* Frameworks */,
				8EC697E12C97925100722670 /* Resources */,
			);
			buildRules = (
			);
			dependencies = (
				8EC697E52C97925100722670 /* PBXTargetDependency */,
			);
			name = "habit trackerUITests";
			productName = "habit trackerUITests";
			productReference = 8EC697E32C97925100722670 /* habit trackerUITests.xctest */;
			productType = "com.apple.product-type.bundle.ui-testing";
		};
/* End PBXNativeTarget section */

/* Begin PBXProject section */
		8EC697BF2C97925000722670 /* Project object */ = {
			isa = PBXProject;
			attributes = {
				BuildIndependentTargetsInParallel = 1;
				LastSwiftUpdateCheck = 1540;
				LastUpgradeCheck = 1540;
				TargetAttributes = {
					8EC697C62C97925000722670 = {
						CreatedOnToolsVersion = 15.4;
					};
					8EC697D82C97925100722670 = {
						CreatedOnToolsVersion = 15.4;
						TestTargetID = 8EC697C62C97925000722670;
					};
					8EC697E22C97925100722670 = {
						CreatedOnToolsVersion = 15.4;
						TestTargetID = 8EC697C62C97925000722670;
					};
				};
			};
			buildConfigurationList = 8EC697C22C97925000722670 /* Build configuration list for PBXProject "habit tracker" */;
			compatibilityVersion = "Xcode 14.0";
			developmentRegion = en;
			hasScannedForEncodings = 0;
			knownRegions = (
				en,
				Base,
			);
			mainGroup = 8EC697BE2C97925000722670;
			productRefGroup = 8EC697C82C97925000722670 /* Products */;
			projectDirPath = "";
			projectRoot = "";
			targets = (
				8EC697C62C97925000722670 /* habit tracker */,
				8EC697D82C97925100722670 /* habit trackerTests */,
				8EC697E22C97925100722670 /* habit trackerUITests */,
			);
		};
/* End PBXProject section */

/* Begin PBXResourcesBuildPhase section */
		8EC697C52C97925000722670 /* Resources */ = {
			isa = PBXResourcesBuildPhase;
			buildActionMask = 2147483647;
			files = (
				8EC697D42C97925100722670 /* Preview Assets.xcassets in Resources */,
				8EC697D12C97925100722670 /* Assets.xcassets in Resources */,
			);
			runOnlyForDeploymentPostprocessing = 0;
		};
		8EC697D72C97925100722670 /* Resources */ = {
			isa = PBXResourcesBuildPhase;
			buildActionMask = 2147483647;
			files = (
			);
			runOnlyForDeploymentPostprocessing = 0;
		};
		8EC697E12C97925100722670 /* Resources */ = {
			isa = PBXResourcesBuildPhase;
			buildActionMask = 2147483647;
			files = (
			);
			runOnlyForDeploymentPostprocessing = 0;
		};
/* End PBXResourcesBuildPhase section */

/* Begin PBXSourcesBuildPhase section */
		8EC697C32C97925000722670 /* Sources */ = {
			isa = PBXSourcesBuildPhase;
			buildActionMask = 2147483647;
			files = (
				8EF2F4E82CBD77B2000FB375 /* habit_store.swift in Sources */,
				8EC697CD2C97925000722670 /* ContentView.swift in Sources */,
				8EC697CB2C97925000722670 /* habit_trackerApp.swift in Sources */,
				8E8B127D2C9B5BC3005C7353 /* new_habit.swift in Sources */,
			);
			runOnlyForDeploymentPostprocessing = 0;
		};
		8EC697D52C97925100722670 /* Sources */ = {
			isa = PBXSourcesBuildPhase;
			buildActionMask = 2147483647;
			files = (
				8EC697DE2C97925100722670 /* habit_trackerTests.swift in Sources */,
			);
			runOnlyForDeploymentPostprocessing = 0;
		};
		8EC697DF2C97925100722670 /* Sources */ = {
			isa = PBXSourcesBuildPhase;
			buildActionMask = 2147483647;
			files = (
				8EC697EA2C97925200722670 /* habit_trackerUITestsLaunchTests.swift in Sources */,
				8EC697E82C97925200722670 /* habit_trackerUITests.swift in Sources */,
			);
			runOnlyForDeploymentPostprocessing = 0;
		};
/* End PBXSourcesBuildPhase section */

/* Begin PBXTargetDependency section */
		8EC697DB2C97925100722670 /* PBXTargetDependency */ = {
			isa = PBXTargetDependency;
			target = 8EC697C62C97925000722670 /* habit tracker */;
			targetProxy = 8EC697DA2C97925100722670 /* PBXContainerItemProxy */;
		};
		8EC697E52C97925100722670 /* PBXTargetDependency */ = {
			isa = PBXTargetDependency;
			target = 8EC697C62C97925000722670 /* habit tracker */;
			targetProxy = 8EC697E42C97925100722670 /* PBXContainerItemProxy */;
		};
/* End PBXTargetDependency section */

/* Begin XCBuildConfiguration section */
		8EC697EB2C97925200722670 /* Debug */ = {
			isa = XCBuildConfiguration;
			buildSettings = {
				ALWAYS_SEARCH_USER_PATHS = NO;
				ASSETCATALOG_COMPILER_GENERATE_SWIFT_ASSET_SYMBOL_EXTENSIONS = YES;
				CLANG_ANALYZER_NONNULL = YES;
				CLANG_ANALYZER_NUMBER_OBJECT_CONVERSION = YES_AGGRESSIVE;
				CLANG_CXX_LANGUAGE_STANDARD = "gnu++20";
				CLANG_ENABLE_MODULES = YES;
				CLANG_ENABLE_OBJC_ARC = YES;
				CLANG_ENABLE_OBJC_WEAK = YES;
				CLANG_WARN_BLOCK_CAPTURE_AUTORELEASING = YES;
				CLANG_WARN_BOOL_CONVERSION = YES;
				CLANG_WARN_COMMA = YES;
				CLANG_WARN_CONSTANT_CONVERSION = YES;
				CLANG_WARN_DEPRECATED_OBJC_IMPLEMENTATIONS = YES;
				CLANG_WARN_DIRECT_OBJC_ISA_USAGE = YES_ERROR;
				CLANG_WARN_DOCUMENTATION_COMMENTS = YES;
				CLANG_WARN_EMPTY_BODY = YES;
				CLANG_WARN_ENUM_CONVERSION = YES;
				CLANG_WARN_INFINITE_RECURSION = YES;
				CLANG_WARN_INT_CONVERSION = YES;
				CLANG_WARN_NON_LITERAL_NULL_CONVERSION = YES;
				CLANG_WARN_OBJC_IMPLICIT_RETAIN_SELF = YES;
				CLANG_WARN_OBJC_LITERAL_CONVERSION = YES;
				CLANG_WARN_OBJC_ROOT_CLASS = YES_ERROR;
				CLANG_WARN_QUOTED_INCLUDE_IN_FRAMEWORK_HEADER = YES;
				CLANG_WARN_RANGE_LOOP_ANALYSIS = YES;
				CLANG_WARN_STRICT_PROTOTYPES = YES;
				CLANG_WARN_SUSPICIOUS_MOVE = YES;
				CLANG_WARN_UNGUARDED_AVAILABILITY = YES_AGGRESSIVE;
				CLANG_WARN_UNREACHABLE_CODE = YES;
				CLANG_WARN__DUPLICATE_METHOD_MATCH = YES;
				COPY_PHASE_STRIP = NO;
				DEBUG_INFORMATION_FORMAT = dwarf;
				ENABLE_STRICT_OBJC_MSGSEND = YES;
				ENABLE_TESTABILITY = YES;
				ENABLE_USER_SCRIPT_SANDBOXING = YES;
				GCC_C_LANGUAGE_STANDARD = gnu17;
				GCC_DYNAMIC_NO_PIC = NO;
				GCC_NO_COMMON_BLOCKS = YES;
				GCC_OPTIMIZATION_LEVEL = 0;
				GCC_PREPROCESSOR_DEFINITIONS = (
					"DEBUG=1",
					"$(inherited)",
				);
				GCC_WARN_64_TO_32_BIT_CONVERSION = YES;
				GCC_WARN_ABOUT_RETURN_TYPE = YES_ERROR;
				GCC_WARN_UNDECLARED_SELECTOR = YES;
				GCC_WARN_UNINITIALIZED_AUTOS = YES_AGGRESSIVE;
				GCC_WARN_UNUSED_FUNCTION = YES;
				GCC_WARN_UNUSED_VARIABLE = YES;
				IPHONEOS_DEPLOYMENT_TARGET = 17.5;
				LOCALIZATION_PREFERS_STRING_CATALOGS = YES;
				MTL_ENABLE_DEBUG_INFO = INCLUDE_SOURCE;
				MTL_FAST_MATH = YES;
				ONLY_ACTIVE_ARCH = YES;
				SDKROOT = iphoneos;
				SWIFT_ACTIVE_COMPILATION_CONDITIONS = "DEBUG $(inherited)";
				SWIFT_OPTIMIZATION_LEVEL = "-Onone";
			};
			name = Debug;
		};
		8EC697EC2C97925200722670 /* Release */ = {
			isa = XCBuildConfiguration;
			buildSettings = {
				ALWAYS_SEARCH_USER_PATHS = NO;
				ASSETCATALOG_COMPILER_GENERATE_SWIFT_ASSET_SYMBOL_EXTENSIONS = YES;
				CLANG_ANALYZER_NONNULL = YES;
				CLANG_ANALYZER_NUMBER_OBJECT_CONVERSION = YES_AGGRESSIVE;
				CLANG_CXX_LANGUAGE_STANDARD = "gnu++20";
				CLANG_ENABLE_MODULES = YES;
				CLANG_ENABLE_OBJC_ARC = YES;
				CLANG_ENABLE_OBJC_WEAK = YES;
				CLANG_WARN_BLOCK_CAPTURE_AUTORELEASING = YES;
				CLANG_WARN_BOOL_CONVERSION = YES;
				CLANG_WARN_COMMA = YES;
				CLANG_WARN_CONSTANT_CONVERSION = YES;
				CLANG_WARN_DEPRECATED_OBJC_IMPLEMENTATIONS = YES;
				CLANG_WARN_DIRECT_OBJC_ISA_USAGE = YES_ERROR;
				CLANG_WARN_DOCUMENTATION_COMMENTS = YES;
				CLANG_WARN_EMPTY_BODY = YES;
				CLANG_WARN_ENUM_CONVERSION = YES;
				CLANG_WARN_INFINITE_RECURSION = YES;
				CLANG_WARN_INT_CONVERSION = YES;
				CLANG_WARN_NON_LITERAL_NULL_CONVERSION = YES;
				CLANG_WARN_OBJC_IMPLICIT_RETAIN_SELF = YES;
				CLANG_WARN_OBJC_LITERAL_CONVERSION = YES;
				CLANG_WARN_OBJC_ROOT_CLASS = YES_ERROR;
				CLANG_WARN_QUOTED_INCLUDE_IN_FRAMEWORK_HEADER = YES;
				CLANG_WARN_RANGE_LOOP_ANALYSIS = YES;
				CLANG_WARN_STRICT_PROTOTYPES = YES;
				CLANG_WARN_SUSPICIOUS_MOVE = YES;
				CLANG_WARN_UNGUARDED_AVAILABILITY = YES_AGGRESSIVE;
				CLANG_WARN_UNREACHABLE_CODE = YES;
				CLANG_WARN__DUPLICATE_METHOD_MATCH = YES;
				COPY_PHASE_STRIP = NO;
				DEBUG_INFORMATION_FORMAT = "dwarf-with-dsym";
				ENABLE_NS_ASSERTIONS = NO;
				ENABLE_STRICT_OBJC_MSGSEND = YES;
				ENABLE_USER_SCRIPT_SANDBOXING = YES;
				GCC_C_LANGUAGE_STANDARD = gnu17;
				GCC_NO_COMMON_BLOCKS = YES;
				GCC_WARN_64_TO_32_BIT_CONVERSION = YES;
				GCC_WARN_ABOUT_RETURN_TYPE = YES_ERROR;
				GCC_WARN_UNDECLARED_SELECTOR = YES;
				GCC_WARN_UNINITIALIZED_AUTOS = YES_AGGRESSIVE;
				GCC_WARN_UNUSED_FUNCTION = YES;
				GCC_WARN_UNUSED_VARIABLE = YES;
				IPHONEOS_DEPLOYMENT_TARGET = 17.5;
				LOCALIZATION_PREFERS_STRING_CATALOGS = YES;
				MTL_ENABLE_DEBUG_INFO = NO;
				MTL_FAST_MATH = YES;
				SDKROOT = iphoneos;
				SWIFT_COMPILATION_MODE = wholemodule;
				VALIDATE_PRODUCT = YES;
			};
			name = Release;
		};
		8EC697EE2C97925200722670 /* Debug */ = {
			isa = XCBuildConfiguration;
			buildSettings = {
				ASSETCATALOG_COMPILER_APPICON_NAME = AppIcon;
				ASSETCATALOG_COMPILER_GLOBAL_ACCENT_COLOR_NAME = AccentColor;
				CODE_SIGN_STYLE = Automatic;
				CURRENT_PROJECT_VERSION = 1;
				DEVELOPMENT_ASSET_PATHS = "\"habit tracker/Preview Content\"";
				DEVELOPMENT_TEAM = 3LN6SHFTXK;
				ENABLE_PREVIEWS = YES;
				GENERATE_INFOPLIST_FILE = YES;
				INFOPLIST_KEY_UIApplicationSceneManifest_Generation = YES;
				INFOPLIST_KEY_UIApplicationSupportsIndirectInputEvents = YES;
				INFOPLIST_KEY_UILaunchScreen_Generation = YES;
				INFOPLIST_KEY_UISupportedInterfaceOrientations_iPad = "UIInterfaceOrientationPortrait UIInterfaceOrientationPortraitUpsideDown UIInterfaceOrientationLandscapeLeft UIInterfaceOrientationLandscapeRight";
				INFOPLIST_KEY_UISupportedInterfaceOrientations_iPhone = "UIInterfaceOrientationPortrait UIInterfaceOrientationLandscapeLeft UIInterfaceOrientationLandscapeRight";
				LD_RUNPATH_SEARCH_PATHS = (
					"$(inherited)",
					"@executable_path/Frameworks",
				);
				MARKETING_VERSION = 1.0;
				PRODUCT_BUNDLE_IDENTIFIER = "com.jonathan.habit-tracker.habit-tracker";
				PRODUCT_NAME = "$(TARGET_NAME)";
				SWIFT_EMIT_LOC_STRINGS = YES;
				SWIFT_VERSION = 5.0;
				TARGETED_DEVICE_FAMILY = "1,2";
			};
			name = Debug;
		};
		8EC697EF2C97925200722670 /* Release */ = {
			isa = XCBuildConfiguration;
			buildSettings = {
				ASSETCATALOG_COMPILER_APPICON_NAME = AppIcon;
				ASSETCATALOG_COMPILER_GLOBAL_ACCENT_COLOR_NAME = AccentColor;
				CODE_SIGN_STYLE = Automatic;
				CURRENT_PROJECT_VERSION = 1;
				DEVELOPMENT_ASSET_PATHS = "\"habit tracker/Preview Content\"";
				DEVELOPMENT_TEAM = 3LN6SHFTXK;
				ENABLE_PREVIEWS = YES;
				GENERATE_INFOPLIST_FILE = YES;
				INFOPLIST_KEY_UIApplicationSceneManifest_Generation = YES;
				INFOPLIST_KEY_UIApplicationSupportsIndirectInputEvents = YES;
				INFOPLIST_KEY_UILaunchScreen_Generation = YES;
				INFOPLIST_KEY_UISupportedInterfaceOrientations_iPad = "UIInterfaceOrientationPortrait UIInterfaceOrientationPortraitUpsideDown UIInterfaceOrientationLandscapeLeft UIInterfaceOrientationLandscapeRight";
				INFOPLIST_KEY_UISupportedInterfaceOrientations_iPhone = "UIInterfaceOrientationPortrait UIInterfaceOrientationLandscapeLeft UIInterfaceOrientationLandscapeRight";
				LD_RUNPATH_SEARCH_PATHS = (
					"$(inherited)",
					"@executable_path/Frameworks",
				);
				MARKETING_VERSION = 1.0;
				PRODUCT_BUNDLE_IDENTIFIER = "com.jonathan.habit-tracker.habit-tracker";
				PRODUCT_NAME = "$(TARGET_NAME)";
				SWIFT_EMIT_LOC_STRINGS = YES;
				SWIFT_VERSION = 5.0;
				TARGETED_DEVICE_FAMILY = "1,2";
			};
			name = Release;
		};
		8EC697F12C97925200722670 /* Debug */ = {
			isa = XCBuildConfiguration;
			buildSettings = {
				ALWAYS_EMBED_SWIFT_STANDARD_LIBRARIES = YES;
				BUNDLE_LOADER = "$(TEST_HOST)";
				CODE_SIGN_STYLE = Automatic;
				CURRENT_PROJECT_VERSION = 1;
				DEVELOPMENT_TEAM = 3LN6SHFTXK;
				GENERATE_INFOPLIST_FILE = YES;
				IPHONEOS_DEPLOYMENT_TARGET = 17.5;
				MARKETING_VERSION = 1.0;
				PRODUCT_BUNDLE_IDENTIFIER = "com.jonathan.habit-tracker.habit-trackerTests";
				PRODUCT_NAME = "$(TARGET_NAME)";
				SWIFT_EMIT_LOC_STRINGS = NO;
				SWIFT_VERSION = 5.0;
				TARGETED_DEVICE_FAMILY = "1,2";
				TEST_HOST = "$(BUILT_PRODUCTS_DIR)/habit tracker.app/$(BUNDLE_EXECUTABLE_FOLDER_PATH)/habit tracker";
			};
			name = Debug;
		};
		8EC697F22C97925200722670 /* Release */ = {
			isa = XCBuildConfiguration;
			buildSettings = {
				ALWAYS_EMBED_SWIFT_STANDARD_LIBRARIES = YES;
				BUNDLE_LOADER = "$(TEST_HOST)";
				CODE_SIGN_STYLE = Automatic;
				CURRENT_PROJECT_VERSION = 1;
				DEVELOPMENT_TEAM = 3LN6SHFTXK;
				GENERATE_INFOPLIST_FILE = YES;
				IPHONEOS_DEPLOYMENT_TARGET = 17.5;
				MARKETING_VERSION = 1.0;
				PRODUCT_BUNDLE_IDENTIFIER = "com.jonathan.habit-tracker.habit-trackerTests";
				PRODUCT_NAME = "$(TARGET_NAME)";
				SWIFT_EMIT_LOC_STRINGS = NO;
				SWIFT_VERSION = 5.0;
				TARGETED_DEVICE_FAMILY = "1,2";
				TEST_HOST = "$(BUILT_PRODUCTS_DIR)/habit tracker.app/$(BUNDLE_EXECUTABLE_FOLDER_PATH)/habit tracker";
			};
			name = Release;
		};
		8EC697F42C97925200722670 /* Debug */ = {
			isa = XCBuildConfiguration;
			buildSettings = {
				ALWAYS_EMBED_SWIFT_STANDARD_LIBRARIES = YES;
				CODE_SIGN_STYLE = Automatic;
				CURRENT_PROJECT_VERSION = 1;
				DEVELOPMENT_TEAM = 3LN6SHFTXK;
				GENERATE_INFOPLIST_FILE = YES;
				MARKETING_VERSION = 1.0;
				PRODUCT_BUNDLE_IDENTIFIER = "com.jonathan.habit-tracker.habit-trackerUITests";
				PRODUCT_NAME = "$(TARGET_NAME)";
				SWIFT_EMIT_LOC_STRINGS = NO;
				SWIFT_VERSION = 5.0;
				TARGETED_DEVICE_FAMILY = "1,2";
				TEST_TARGET_NAME = "habit tracker";
			};
			name = Debug;
		};
		8EC697F52C97925200722670 /* Release */ = {
			isa = XCBuildConfiguration;
			buildSettings = {
				ALWAYS_EMBED_SWIFT_STANDARD_LIBRARIES = YES;
				CODE_SIGN_STYLE = Automatic;
				CURRENT_PROJECT_VERSION = 1;
				DEVELOPMENT_TEAM = 3LN6SHFTXK;
				GENERATE_INFOPLIST_FILE = YES;
				MARKETING_VERSION = 1.0;
				PRODUCT_BUNDLE_IDENTIFIER = "com.jonathan.habit-tracker.habit-trackerUITests";
				PRODUCT_NAME = "$(TARGET_NAME)";
				SWIFT_EMIT_LOC_STRINGS = NO;
				SWIFT_VERSION = 5.0;
				TARGETED_DEVICE_FAMILY = "1,2";
				TEST_TARGET_NAME = "habit tracker";
			};
			name = Release;
		};
/* End XCBuildConfiguration section */

/* Begin XCConfigurationList section */
		8EC697C22C97925000722670 /* Build configuration list for PBXProject "habit tracker" */ = {
			isa = XCConfigurationList;
			buildConfigurations = (
				8EC697EB2C97925200722670 /* Debug */,
				8EC697EC2C97925200722670 /* Release */,
			);
			defaultConfigurationIsVisible = 0;
			defaultConfigurationName = Release;
		};
		8EC697ED2C97925200722670 /* Build configuration list for PBXNativeTarget "habit tracker" */ = {
			isa = XCConfigurationList;
			buildConfigurations = (
				8EC697EE2C97925200722670 /* Debug */,
				8EC697EF2C97925200722670 /* Release */,
			);
			defaultConfigurationIsVisible = 0;
			defaultConfigurationName = Release;
		};
		8EC697F02C97925200722670 /* Build configuration list for PBXNativeTarget "habit trackerTests" */ = {
			isa = XCConfigurationList;
			buildConfigurations = (
				8EC697F12C97925200722670 /* Debug */,
				8EC697F22C97925200722670 /* Release */,
			);
			defaultConfigurationIsVisible = 0;
			defaultConfigurationName = Release;
		};
		8EC697F32C97925200722670 /* Build configuration list for PBXNativeTarget "habit trackerUITests" */ = {
			isa = XCConfigurationList;
			buildConfigurations = (
				8EC697F42C97925200722670 /* Debug */,
				8EC697F52C97925200722670 /* Release */,
			);
			defaultConfigurationIsVisible = 0;
			defaultConfigurationName = Release;
		};
/* End XCConfigurationList section */
	};
	rootObject = 8EC697BF2C97925000722670 /* Project object */;
}
